
Microsoft Visual Studio Solution File, Format Version 12.00
Project("{FAE04EC0-301F-11D3-BF4B-00C04F79EFBC}") = "Tests", "Tests\Tests.csproj", "{B9B86751-E2CA-4869-AED8-9511BB8F90D3}"
EndProject
Project("{FAE04EC0-301F-11D3-BF4B-00C04F79EFBC}") = "UsageExample", "UsageExample\UsageExample.csproj", "{4CE80C5A-B4B2-4AB6-B0AB-29CA034B641D}"
EndProject
Project("{FAE04EC0-301F-11D3-BF4B-00C04F79EFBC}") = "DecisionTreeLib", "DecisionTreeLib\DecisionTreeLib.csproj", "{2D706AB8-CB50-4B33-A402-66ECD59FAFAF}"
EndProject
Global
	GlobalSection(SolutionConfigurationPlatforms) = preSolution
		Debug|Any CPU = Debug|Any CPU
		Release|Any CPU = Release|Any CPU
	EndGlobalSection
	GlobalSection(ProjectConfigurationPlatforms) = postSolution
		{B9B86751-E2CA-4869-AED8-9511BB8F90D3}.Debug|Any CPU.ActiveCfg = Debug|Any CPU
		{B9B86751-E2CA-4869-AED8-9511BB8F90D3}.Debug|Any CPU.Build.0 = Debug|Any CPU
		{B9B86751-E2CA-4869-AED8-9511BB8F90D3}.Release|Any CPU.ActiveCfg = Release|Any CPU
		{B9B86751-E2CA-4869-AED8-9511BB8F90D3}.Release|Any CPU.Build.0 = Release|Any CPU
		{4CE80C5A-B4B2-4AB6-B0AB-29CA034B641D}.Debug|Any CPU.ActiveCfg = Debug|Any CPU
		{4CE80C5A-B4B2-4AB6-B0AB-29CA034B641D}.Debug|Any CPU.Build.0 = Debug|Any CPU
		{4CE80C5A-B4B2-4AB6-B0AB-29CA034B641D}.Release|Any CPU.ActiveCfg = Release|Any CPU
		{4CE80C5A-B4B2-4AB6-B0AB-29CA034B641D}.Release|Any CPU.Build.0 = Release|Any CPU
		{2D706AB8-CB50-4B33-A402-66ECD59FAFAF}.Debug|Any CPU.ActiveCfg = Debug|Any CPU
		{2D706AB8-CB50-4B33-A402-66ECD59FAFAF}.Debug|Any CPU.Build.0 = Debug|Any CPU
		{2D706AB8-CB50-4B33-A402-66ECD59FAFAF}.Release|Any CPU.ActiveCfg = Release|Any CPU
		{2D706AB8-CB50-4B33-A402-66ECD59FAFAF}.Release|Any CPU.Build.0 = Release|Any CPU
	EndGlobalSection
EndGlobal
